
Microsoft Visual Studio Solution File, Format Version 12.00
# Visual Studio 15
VisualStudioVersion = 15.0.28307.1022
MinimumVisualStudioVersion = 10.0.40219.1
Project("{FAE04EC0-301F-11D3-BF4B-00C04F79EFBC}") = "DAN_XLIX_Milica_Karetic", "DAN_XLIX_Milica_Karetic\DAN_XLIX_Milica_Karetic.csproj", "{96F9E6FF-5281-4864-95AC-FFD248B96086}"
EndProject
Global
	GlobalSection(SolutionConfigurationPlatforms) = preSolution
		Debug|Any CPU = Debug|Any CPU
		Release|Any CPU = Release|Any CPU
	EndGlobalSection
	GlobalSection(ProjectConfigurationPlatforms) = postSolution
		{96F9E6FF-5281-4864-95AC-FFD248B96086}.Debug|Any CPU.ActiveCfg = Debug|Any CPU
		{96F9E6FF-5281-4864-95AC-FFD248B96086}.Debug|Any CPU.Build.0 = Debug|Any CPU
		{96F9E6FF-5281-4864-95AC-FFD248B96086}.Release|Any CPU.ActiveCfg = Release|Any CPU
		{96F9E6FF-5281-4864-95AC-FFD248B96086}.Release|Any CPU.Build.0 = Release|Any CPU
	EndGlobalSection
	GlobalSection(SolutionProperties) = preSolution
		HideSolutionNode = FALSE
	EndGlobalSection
	GlobalSection(ExtensibilityGlobals) = postSolution
		SolutionGuid = {FCE2A487-2EAA-4200-8697-A6BBA946CE4F}
	EndGlobalSection
EndGlobal
